
Microsoft Visual Studio Solution File, Format Version 10.00
# Visual Studio 2008
Project("{8BC9CEB8-8B4A-11D0-8D11-00A0C91BC942}") = "WaveEdit", "WaveEdit\WaveEdit.vcproj", "{AE61FB56-FFF3-4860-B0F7-F7B0914A77BE}"
EndProject
Global
	GlobalSection(SolutionConfigurationPlatforms) = preSolution
		Debug|Win32 = Debug|Win32
		Release|Win32 = Release|Win32
	EndGlobalSection
	GlobalSection(ProjectConfigurationPlatforms) = postSolution
		{AE61FB56-FFF3-4860-B0F7-F7B0914A77BE}.Debug|Win32.ActiveCfg = Debug|Win32
		{AE61FB56-FFF3-4860-B0F7-F7B0914A77BE}.Debug|Win32.Build.0 = Debug|Win32
		{AE61FB56-FFF3-4860-B0F7-F7B0914A77BE}.Release|Win32.ActiveCfg = Release|Win32
		{AE61FB56-FFF3-4860-B0F7-F7B0914A77BE}.Release|Win32.Build.0 = Release|Win32
	EndGlobalSection
	GlobalSection(SolutionProperties) = preSolution
		HideSolutionNode = FALSE
	EndGlobalSection
EndGlobal
